github.com/MercuryEngineering/CookieMonster v0.0.0-20180304172713-1584578b3403 h1:EtZwYyLbkEcIt+B//6sujwRCnHuTEK3qiSypAX5aJeM=
github.com/MercuryEngineering/CookieMonster v0.0.0-20180304172713-1584578b3403/go.mod h1:mM6WvakkX2m+NgMiPCfFFjwfH4KzENC07zeGEqq9U7s=
github.com/aki237/nscjar v0.0.0-20171019063319-e2df936ddd60 h1:R/P/XxZB4D5+bOec/K7UIsFtmiTAkkwLaCFlGXOCOHk=
github.com/aki237/nscjar v0.0.0-20171019063319-e2df936ddd60/go.mod h1:/5xLNr1AJnh13R24iblBoT7G02mAXMedKoc8P0yuoyg=
